
Microsoft Visual Studio Solution File, Format Version 12.00
# Visual Studio Version 17
VisualStudioVersion = 17.5.33502.453
MinimumVisualStudioVersion = 10.0.40219.1
Project("{9A19103F-16F7-4668-BE54-9A1E7A4F7556}") = "WindowsCachClean", "WindowsCachClean\WindowsCachClean.csproj", "{06599A2E-41FB-4D17-AF2F-AF68B71F2736}"
EndProject
Global
	GlobalSection(SolutionConfigurationPlatforms) = preSolution
		Debug|Any CPU = Debug|Any CPU
		Release|Any CPU = Release|Any CPU
	EndGlobalSection
	GlobalSection(ProjectConfigurationPlatforms) = postSolution
		{06599A2E-41FB-4D17-AF2F-AF68B71F2736}.Debug|Any CPU.ActiveCfg = Debug|Any CPU
		{06599A2E-41FB-4D17-AF2F-AF68B71F2736}.Debug|Any CPU.Build.0 = Debug|Any CPU
		{06599A2E-41FB-4D17-AF2F-AF68B71F2736}.Release|Any CPU.ActiveCfg = Release|Any CPU
		{06599A2E-41FB-4D17-AF2F-AF68B71F2736}.Release|Any CPU.Build.0 = Release|Any CPU
	EndGlobalSection
	GlobalSection(SolutionProperties) = preSolution
		HideSolutionNode = FALSE
	EndGlobalSection
	GlobalSection(ExtensibilityGlobals) = postSolution
		SolutionGuid = {2D1B142E-AE5B-40D4-AA74-7440D55AFA2D}
	EndGlobalSection
EndGlobal
